// !$*UTF8*$!
{
	archiveVersion = 1;
	classes = {
	};
	objectVersion = 55;
	objects = {

/* Begin PBXBuildFile section */
		A43DD12928916106002B8B6D /* RecipeSheet.swift in Sources */ = {isa = PBXBuildFile; fileRef = A43DD12828916106002B8B6D /* RecipeSheet.swift */; };
		A43DD12B28916144002B8B6D /* Recipe.swift in Sources */ = {isa = PBXBuildFile; fileRef = A43DD12A28916144002B8B6D /* Recipe.swift */; };
		A43DD12D28916400002B8B6D /* RecipeIngredientList.swift in Sources */ = {isa = PBXBuildFile; fileRef = A43DD12C28916400002B8B6D /* RecipeIngredientList.swift */; };
		A43DD13128916932002B8B6D /* IngredientsInRecipe.swift in Sources */ = {isa = PBXBuildFile; fileRef = A43DD13028916932002B8B6D /* IngredientsInRecipe.swift */; };
		A43DD1332891720B002B8B6D /* IngredientView.swift in Sources */ = {isa = PBXBuildFile; fileRef = A43DD1322891720B002B8B6D /* IngredientView.swift */; };
		A43DD1352891759B002B8B6D /* IngredientList.swift in Sources */ = {isa = PBXBuildFile; fileRef = A43DD1342891759B002B8B6D /* IngredientList.swift */; };
		A46A0EC02890BFA5007153CF /* Ingredient.swift in Sources */ = {isa = PBXBuildFile; fileRef = A46A0EBF2890BFA5007153CF /* Ingredient.swift */; };
		EE0304B12890AE39009BECEE /* .gitignore in Resources */ = {isa = PBXBuildFile; fileRef = EE0304B02890AE39009BECEE /* .gitignore */; };
		EE0304B52890B125009BECEE /* GoogleSignIn in Frameworks */ = {isa = PBXBuildFile; productRef = EE0304B42890B125009BECEE /* GoogleSignIn */; };
		EE0304B72890B125009BECEE /* GoogleSignInSwift in Frameworks */ = {isa = PBXBuildFile; productRef = EE0304B62890B125009BECEE /* GoogleSignInSwift */; };
		EE0304BD2890B3D3009BECEE /* AuthenticationViewModel.swift in Sources */ = {isa = PBXBuildFile; fileRef = EE0304BC2890B3D3009BECEE /* AuthenticationViewModel.swift */; };
		EE4A403B2891689B00CDAC36 /* RecipesAPI.swift in Sources */ = {isa = PBXBuildFile; fileRef = EE4A403A2891689B00CDAC36 /* RecipesAPI.swift */; };
		EE9687B82890A36D008AEC24 /* KookingApp.swift in Sources */ = {isa = PBXBuildFile; fileRef = EE9687B72890A36D008AEC24 /* KookingApp.swift */; };
		EE9687BA2890A36D008AEC24 /* ContentView.swift in Sources */ = {isa = PBXBuildFile; fileRef = EE9687B92890A36D008AEC24 /* ContentView.swift */; };
		EE9687BC2890A370008AEC24 /* Assets.xcassets in Resources */ = {isa = PBXBuildFile; fileRef = EE9687BB2890A370008AEC24 /* Assets.xcassets */; };
		EE9687BF2890A370008AEC24 /* Preview Assets.xcassets in Resources */ = {isa = PBXBuildFile; fileRef = EE9687BE2890A370008AEC24 /* Preview Assets.xcassets */; };
		EE9687C62890A3CF008AEC24 /* GoogleService-Info.plist in Resources */ = {isa = PBXBuildFile; fileRef = EE9687C52890A3CF008AEC24 /* GoogleService-Info.plist */; };
		EE9687C92890A446008AEC24 /* FirebaseAuth in Frameworks */ = {isa = PBXBuildFile; productRef = EE9687C82890A446008AEC24 /* FirebaseAuth */; };
		EE9687CB2890A446008AEC24 /* FirebaseFirestore in Frameworks */ = {isa = PBXBuildFile; productRef = EE9687CA2890A446008AEC24 /* FirebaseFirestore */; };
		EE9687CD2890A446008AEC24 /* FirebaseStorage in Frameworks */ = {isa = PBXBuildFile; productRef = EE9687CC2890A446008AEC24 /* FirebaseStorage */; };
/* End PBXBuildFile section */

/* Begin PBXFileReference section */
		A43DD12828916106002B8B6D /* RecipeSheet.swift */ = {isa = PBXFileReference; lastKnownFileType = sourcecode.swift; path = RecipeSheet.swift; sourceTree = "<group>"; };
		A43DD12A28916144002B8B6D /* Recipe.swift */ = {isa = PBXFileReference; lastKnownFileType = sourcecode.swift; path = Recipe.swift; sourceTree = "<group>"; };
		A43DD12C28916400002B8B6D /* RecipeIngredientList.swift */ = {isa = PBXFileReference; lastKnownFileType = sourcecode.swift; path = RecipeIngredientList.swift; sourceTree = "<group>"; };
		A43DD13028916932002B8B6D /* IngredientsInRecipe.swift */ = {isa = PBXFileReference; lastKnownFileType = sourcecode.swift; path = IngredientsInRecipe.swift; sourceTree = "<group>"; };
		A43DD1322891720B002B8B6D /* IngredientView.swift */ = {isa = PBXFileReference; lastKnownFileType = sourcecode.swift; path = IngredientView.swift; sourceTree = "<group>"; };
		A43DD1342891759B002B8B6D /* IngredientList.swift */ = {isa = PBXFileReference; lastKnownFileType = sourcecode.swift; path = IngredientList.swift; sourceTree = "<group>"; };
		A46A0EBF2890BFA5007153CF /* Ingredient.swift */ = {isa = PBXFileReference; lastKnownFileType = sourcecode.swift; path = Ingredient.swift; sourceTree = "<group>"; };
		EE0304B02890AE39009BECEE /* .gitignore */ = {isa = PBXFileReference; lastKnownFileType = text; path = .gitignore; sourceTree = "<group>"; };
		EE0304B82890B174009BECEE /* Info.plist */ = {isa = PBXFileReference; lastKnownFileType = text.plist; path = Info.plist; sourceTree = "<group>"; };
		EE0304BC2890B3D3009BECEE /* AuthenticationViewModel.swift */ = {isa = PBXFileReference; lastKnownFileType = sourcecode.swift; path = AuthenticationViewModel.swift; sourceTree = "<group>"; };
		EE4A403A2891689B00CDAC36 /* RecipesAPI.swift */ = {isa = PBXFileReference; lastKnownFileType = sourcecode.swift; path = RecipesAPI.swift; sourceTree = "<group>"; };
		EE9687B42890A36D008AEC24 /* Kooking.app */ = {isa = PBXFileReference; explicitFileType = wrapper.application; includeInIndex = 0; path = Kooking.app; sourceTree = BUILT_PRODUCTS_DIR; };
		EE9687B72890A36D008AEC24 /* KookingApp.swift */ = {isa = PBXFileReference; lastKnownFileType = sourcecode.swift; path = KookingApp.swift; sourceTree = "<group>"; };
		EE9687B92890A36D008AEC24 /* ContentView.swift */ = {isa = PBXFileReference; lastKnownFileType = sourcecode.swift; path = ContentView.swift; sourceTree = "<group>"; };
		EE9687BB2890A370008AEC24 /* Assets.xcassets */ = {isa = PBXFileReference; lastKnownFileType = folder.assetcatalog; path = Assets.xcassets; sourceTree = "<group>"; };
		EE9687BE2890A370008AEC24 /* Preview Assets.xcassets */ = {isa = PBXFileReference; lastKnownFileType = folder.assetcatalog; path = "Preview Assets.xcassets"; sourceTree = "<group>"; };
		EE9687C52890A3CF008AEC24 /* GoogleService-Info.plist */ = {isa = PBXFileReference; fileEncoding = 4; lastKnownFileType = text.plist.xml; path = "GoogleService-Info.plist"; sourceTree = "<group>"; };
/* End PBXFileReference section */

/* Begin PBXFrameworksBuildPhase section */
		EE9687B12890A36D008AEC24 /* Frameworks */ = {
			isa = PBXFrameworksBuildPhase;
			buildActionMask = 2147483647;
			files = (
				EE0304B72890B125009BECEE /* GoogleSignInSwift in Frameworks */,
				EE9687C92890A446008AEC24 /* FirebaseAuth in Frameworks */,
				EE0304B52890B125009BECEE /* GoogleSignIn in Frameworks */,
				EE9687CB2890A446008AEC24 /* FirebaseFirestore in Frameworks */,
				EE9687CD2890A446008AEC24 /* FirebaseStorage in Frameworks */,
			);
			runOnlyForDeploymentPostprocessing = 0;
		};
/* End PBXFrameworksBuildPhase section */

/* Begin PBXGroup section */
		A46A0EBE2890BF9A007153CF /* Models */ = {
			isa = PBXGroup;
			children = (
				A46A0EBF2890BFA5007153CF /* Ingredient.swift */,
				A43DD12A28916144002B8B6D /* Recipe.swift */,
				A43DD13028916932002B8B6D /* IngredientsInRecipe.swift */,
			);
			path = Models;
			sourceTree = "<group>";
		};
		EE0304AF2890AAF5009BECEE /* Views */ = {
			isa = PBXGroup;
			children = (
				EE9687B92890A36D008AEC24 /* ContentView.swift */,
				A43DD12828916106002B8B6D /* RecipeSheet.swift */,
				A43DD12C28916400002B8B6D /* RecipeIngredientList.swift */,
				A43DD1322891720B002B8B6D /* IngredientView.swift */,
				A43DD1342891759B002B8B6D /* IngredientList.swift */,
			);
			path = Views;
			sourceTree = "<group>";
		};
		EE0304B22890B004009BECEE /* ViewModels */ = {
			isa = PBXGroup;
			children = (
				EE0304BC2890B3D3009BECEE /* AuthenticationViewModel.swift */,
			);
			path = ViewModels;
			sourceTree = "<group>";
		};
		EE4A40392891688700CDAC36 /* Libs */ = {
			isa = PBXGroup;
			children = (
				EE4A403A2891689B00CDAC36 /* RecipesAPI.swift */,
			);
			path = Libs;
			sourceTree = "<group>";
		};
		EE9687AB2890A36D008AEC24 = {
			isa = PBXGroup;
			children = (
				EE0304B02890AE39009BECEE /* .gitignore */,
				EE9687B62890A36D008AEC24 /* Kooking */,
				EE9687B52890A36D008AEC24 /* Products */,
			);
			sourceTree = "<group>";
		};
		EE9687B52890A36D008AEC24 /* Products */ = {
			isa = PBXGroup;
			children = (
				EE9687B42890A36D008AEC24 /* Kooking.app */,
			);
			name = Products;
			sourceTree = "<group>";
		};
		EE9687B62890A36D008AEC24 /* Kooking */ = {
			isa = PBXGroup;
			children = (
				EE4A40392891688700CDAC36 /* Libs */,
				A46A0EBE2890BF9A007153CF /* Models */,
				EE0304B22890B004009BECEE /* ViewModels */,
				EE0304AF2890AAF5009BECEE /* Views */,
				EE9687B72890A36D008AEC24 /* KookingApp.swift */,
				EE9687BB2890A370008AEC24 /* Assets.xcassets */,
				EE9687C52890A3CF008AEC24 /* GoogleService-Info.plist */,
				EE0304B82890B174009BECEE /* Info.plist */,
				EE9687BD2890A370008AEC24 /* Preview Content */,
			);
			path = Kooking;
			sourceTree = "<group>";
		};
		EE9687BD2890A370008AEC24 /* Preview Content */ = {
			isa = PBXGroup;
			children = (
				EE9687BE2890A370008AEC24 /* Preview Assets.xcassets */,
			);
			path = "Preview Content";
			sourceTree = "<group>";
		};
/* End PBXGroup section */

/* Begin PBXNativeTarget section */
		EE9687B32890A36D008AEC24 /* Kooking */ = {
			isa = PBXNativeTarget;
			buildConfigurationList = EE9687C22890A370008AEC24 /* Build configuration list for PBXNativeTarget "Kooking" */;
			buildPhases = (
				EE9687B02890A36D008AEC24 /* Sources */,
				EE9687B12890A36D008AEC24 /* Frameworks */,
				EE9687B22890A36D008AEC24 /* Resources */,
			);
			buildRules = (
			);
			dependencies = (
			);
			name = Kooking;
			packageProductDependencies = (
				EE9687C82890A446008AEC24 /* FirebaseAuth */,
				EE9687CA2890A446008AEC24 /* FirebaseFirestore */,
				EE9687CC2890A446008AEC24 /* FirebaseStorage */,
				EE0304B42890B125009BECEE /* GoogleSignIn */,
				EE0304B62890B125009BECEE /* GoogleSignInSwift */,
			);
			productName = Kooking;
			productReference = EE9687B42890A36D008AEC24 /* Kooking.app */;
			productType = "com.apple.product-type.application";
		};
/* End PBXNativeTarget section */

/* Begin PBXProject section */
		EE9687AC2890A36D008AEC24 /* Project object */ = {
			isa = PBXProject;
			attributes = {
				BuildIndependentTargetsInParallel = 1;
				LastSwiftUpdateCheck = 1340;
				LastUpgradeCheck = 1340;
				TargetAttributes = {
					EE9687B32890A36D008AEC24 = {
						CreatedOnToolsVersion = 13.4.1;
					};
				};
			};
			buildConfigurationList = EE9687AF2890A36D008AEC24 /* Build configuration list for PBXProject "Kooking" */;
			compatibilityVersion = "Xcode 13.0";
			developmentRegion = en;
			hasScannedForEncodings = 0;
			knownRegions = (
				en,
				Base,
			);
			mainGroup = EE9687AB2890A36D008AEC24;
			packageReferences = (
				EE9687C72890A446008AEC24 /* XCRemoteSwiftPackageReference "firebase-ios-sdk" */,
				EE0304B32890B125009BECEE /* XCRemoteSwiftPackageReference "GoogleSignIn-iOS" */,
			);
			productRefGroup = EE9687B52890A36D008AEC24 /* Products */;
			projectDirPath = "";
			projectRoot = "";
			targets = (
				EE9687B32890A36D008AEC24 /* Kooking */,
			);
		};
/* End PBXProject section */

/* Begin PBXResourcesBuildPhase section */
		EE9687B22890A36D008AEC24 /* Resources */ = {
			isa = PBXResourcesBuildPhase;
			buildActionMask = 2147483647;
			files = (
				EE0304B12890AE39009BECEE /* .gitignore in Resources */,
				EE9687BF2890A370008AEC24 /* Preview Assets.xcassets in Resources */,
				EE9687BC2890A370008AEC24 /* Assets.xcassets in Resources */,
				EE9687C62890A3CF008AEC24 /* GoogleService-Info.plist in Resources */,
			);
			runOnlyForDeploymentPostprocessing = 0;
		};
/* End PBXResourcesBuildPhase section */

/* Begin PBXSourcesBuildPhase section */
		EE9687B02890A36D008AEC24 /* Sources */ = {
			isa = PBXSourcesBuildPhase;
			buildActionMask = 2147483647;
			files = (
				A43DD12928916106002B8B6D /* RecipeSheet.swift in Sources */,
				A43DD1352891759B002B8B6D /* IngredientList.swift in Sources */,
				A43DD12D28916400002B8B6D /* RecipeIngredientList.swift in Sources */,
				A46A0EC02890BFA5007153CF /* Ingredient.swift in Sources */,
				EE9687BA2890A36D008AEC24 /* ContentView.swift in Sources */,
				A43DD12B28916144002B8B6D /* Recipe.swift in Sources */,
				EE9687B82890A36D008AEC24 /* KookingApp.swift in Sources */,
				A43DD1332891720B002B8B6D /* IngredientView.swift in Sources */,
				EE4A403B2891689B00CDAC36 /* RecipesAPI.swift in Sources */,
				EE0304BD2890B3D3009BECEE /* AuthenticationViewModel.swift in Sources */,
				A43DD13128916932002B8B6D /* IngredientsInRecipe.swift in Sources */,
			);
			runOnlyForDeploymentPostprocessing = 0;
		};
/* End PBXSourcesBuildPhase section */

/* Begin XCBuildConfiguration section */
		EE9687C02890A370008AEC24 /* Debug */ = {
			isa = XCBuildConfiguration;
			buildSettings = {
				ALWAYS_SEARCH_USER_PATHS = NO;
				CLANG_ANALYZER_NONNULL = YES;
				CLANG_ANALYZER_NUMBER_OBJECT_CONVERSION = YES_AGGRESSIVE;
				CLANG_CXX_LANGUAGE_STANDARD = "gnu++17";
				CLANG_ENABLE_MODULES = YES;
				CLANG_ENABLE_OBJC_ARC = YES;
				CLANG_ENABLE_OBJC_WEAK = YES;
				CLANG_WARN_BLOCK_CAPTURE_AUTORELEASING = YES;
				CLANG_WARN_BOOL_CONVERSION = YES;
				CLANG_WARN_COMMA = YES;
				CLANG_WARN_CONSTANT_CONVERSION = YES;
				CLANG_WARN_DEPRECATED_OBJC_IMPLEMENTATIONS = YES;
				CLANG_WARN_DIRECT_OBJC_ISA_USAGE = YES_ERROR;
				CLANG_WARN_DOCUMENTATION_COMMENTS = YES;
				CLANG_WARN_EMPTY_BODY = YES;
				CLANG_WARN_ENUM_CONVERSION = YES;
				CLANG_WARN_INFINITE_RECURSION = YES;
				CLANG_WARN_INT_CONVERSION = YES;
				CLANG_WARN_NON_LITERAL_NULL_CONVERSION = YES;
				CLANG_WARN_OBJC_IMPLICIT_RETAIN_SELF = YES;
				CLANG_WARN_OBJC_LITERAL_CONVERSION = YES;
				CLANG_WARN_OBJC_ROOT_CLASS = YES_ERROR;
				CLANG_WARN_QUOTED_INCLUDE_IN_FRAMEWORK_HEADER = YES;
				CLANG_WARN_RANGE_LOOP_ANALYSIS = YES;
				CLANG_WARN_STRICT_PROTOTYPES = YES;
				CLANG_WARN_SUSPICIOUS_MOVE = YES;
				CLANG_WARN_UNGUARDED_AVAILABILITY = YES_AGGRESSIVE;
				CLANG_WARN_UNREACHABLE_CODE = YES;
				CLANG_WARN__DUPLICATE_METHOD_MATCH = YES;
				COPY_PHASE_STRIP = NO;
				DEBUG_INFORMATION_FORMAT = dwarf;
				ENABLE_STRICT_OBJC_MSGSEND = YES;
				ENABLE_TESTABILITY = YES;
				GCC_C_LANGUAGE_STANDARD = gnu11;
				GCC_DYNAMIC_NO_PIC = NO;
				GCC_NO_COMMON_BLOCKS = YES;
				GCC_OPTIMIZATION_LEVEL = 0;
				GCC_PREPROCESSOR_DEFINITIONS = (
					"DEBUG=1",
					"$(inherited)",
				);
				GCC_WARN_64_TO_32_BIT_CONVERSION = YES;
				GCC_WARN_ABOUT_RETURN_TYPE = YES_ERROR;
				GCC_WARN_UNDECLARED_SELECTOR = YES;
				GCC_WARN_UNINITIALIZED_AUTOS = YES_AGGRESSIVE;
				GCC_WARN_UNUSED_FUNCTION = YES;
				GCC_WARN_UNUSED_VARIABLE = YES;
				IPHONEOS_DEPLOYMENT_TARGET = 15.5;
				MTL_ENABLE_DEBUG_INFO = INCLUDE_SOURCE;
				MTL_FAST_MATH = YES;
				ONLY_ACTIVE_ARCH = YES;
				SDKROOT = iphoneos;
				SWIFT_ACTIVE_COMPILATION_CONDITIONS = DEBUG;
				SWIFT_OPTIMIZATION_LEVEL = "-Onone";
			};
			name = Debug;
		};
		EE9687C12890A370008AEC24 /* Release */ = {
			isa = XCBuildConfiguration;
			buildSettings = {
				ALWAYS_SEARCH_USER_PATHS = NO;
				CLANG_ANALYZER_NONNULL = YES;
				CLANG_ANALYZER_NUMBER_OBJECT_CONVERSION = YES_AGGRESSIVE;
				CLANG_CXX_LANGUAGE_STANDARD = "gnu++17";
				CLANG_ENABLE_MODULES = YES;
				CLANG_ENABLE_OBJC_ARC = YES;
				CLANG_ENABLE_OBJC_WEAK = YES;
				CLANG_WARN_BLOCK_CAPTURE_AUTORELEASING = YES;
				CLANG_WARN_BOOL_CONVERSION = YES;
				CLANG_WARN_COMMA = YES;
				CLANG_WARN_CONSTANT_CONVERSION = YES;
				CLANG_WARN_DEPRECATED_OBJC_IMPLEMENTATIONS = YES;
				CLANG_WARN_DIRECT_OBJC_ISA_USAGE = YES_ERROR;
				CLANG_WARN_DOCUMENTATION_COMMENTS = YES;
				CLANG_WARN_EMPTY_BODY = YES;
				CLANG_WARN_ENUM_CONVERSION = YES;
				CLANG_WARN_INFINITE_RECURSION = YES;
				CLANG_WARN_INT_CONVERSION = YES;
				CLANG_WARN_NON_LITERAL_NULL_CONVERSION = YES;
				CLANG_WARN_OBJC_IMPLICIT_RETAIN_SELF = YES;
				CLANG_WARN_OBJC_LITERAL_CONVERSION = YES;
				CLANG_WARN_OBJC_ROOT_CLASS = YES_ERROR;
				CLANG_WARN_QUOTED_INCLUDE_IN_FRAMEWORK_HEADER = YES;
				CLANG_WARN_RANGE_LOOP_ANALYSIS = YES;
				CLANG_WARN_STRICT_PROTOTYPES = YES;
				CLANG_WARN_SUSPICIOUS_MOVE = YES;
				CLANG_WARN_UNGUARDED_AVAILABILITY = YES_AGGRESSIVE;
				CLANG_WARN_UNREACHABLE_CODE = YES;
				CLANG_WARN__DUPLICATE_METHOD_MATCH = YES;
				COPY_PHASE_STRIP = NO;
				DEBUG_INFORMATION_FORMAT = "dwarf-with-dsym";
				ENABLE_NS_ASSERTIONS = NO;
				ENABLE_STRICT_OBJC_MSGSEND = YES;
				GCC_C_LANGUAGE_STANDARD = gnu11;
				GCC_NO_COMMON_BLOCKS = YES;
				GCC_WARN_64_TO_32_BIT_CONVERSION = YES;
				GCC_WARN_ABOUT_RETURN_TYPE = YES_ERROR;
				GCC_WARN_UNDECLARED_SELECTOR = YES;
				GCC_WARN_UNINITIALIZED_AUTOS = YES_AGGRESSIVE;
				GCC_WARN_UNUSED_FUNCTION = YES;
				GCC_WARN_UNUSED_VARIABLE = YES;
				IPHONEOS_DEPLOYMENT_TARGET = 15.5;
				MTL_ENABLE_DEBUG_INFO = NO;
				MTL_FAST_MATH = YES;
				SDKROOT = iphoneos;
				SWIFT_COMPILATION_MODE = wholemodule;
				SWIFT_OPTIMIZATION_LEVEL = "-O";
				VALIDATE_PRODUCT = YES;
			};
			name = Release;
		};
		EE9687C32890A370008AEC24 /* Debug */ = {
			isa = XCBuildConfiguration;
			buildSettings = {
				ASSETCATALOG_COMPILER_APPICON_NAME = AppIcon;
				ASSETCATALOG_COMPILER_GLOBAL_ACCENT_COLOR_NAME = AccentColor;
				CODE_SIGN_STYLE = Automatic;
				CURRENT_PROJECT_VERSION = 1;
				DEVELOPMENT_ASSET_PATHS = "\"Kooking/Preview Content\"";
				ENABLE_PREVIEWS = YES;
				GENERATE_INFOPLIST_FILE = YES;
				INFOPLIST_FILE = Kooking/Info.plist;
				INFOPLIST_KEY_UIApplicationSceneManifest_Generation = YES;
				INFOPLIST_KEY_UIApplicationSupportsIndirectInputEvents = YES;
				INFOPLIST_KEY_UILaunchScreen_Generation = YES;
				INFOPLIST_KEY_UISupportedInterfaceOrientations_iPad = "UIInterfaceOrientationPortrait UIInterfaceOrientationPortraitUpsideDown UIInterfaceOrientationLandscapeLeft UIInterfaceOrientationLandscapeRight";
				INFOPLIST_KEY_UISupportedInterfaceOrientations_iPhone = "UIInterfaceOrientationPortrait UIInterfaceOrientationLandscapeLeft UIInterfaceOrientationLandscapeRight";
				LD_RUNPATH_SEARCH_PATHS = (
					"$(inherited)",
					"@executable_path/Frameworks",
				);
				MARKETING_VERSION = 1.0;
				PRODUCT_BUNDLE_IDENTIFIER = br.com.kroks.Kooking;
				PRODUCT_NAME = "$(TARGET_NAME)";
				SWIFT_EMIT_LOC_STRINGS = YES;
				SWIFT_VERSION = 5.0;
				TARGETED_DEVICE_FAMILY = "1,2";
			};
			name = Debug;
		};
		EE9687C42890A370008AEC24 /* Release */ = {
			isa = XCBuildConfiguration;
			buildSettings = {
				ASSETCATALOG_COMPILER_APPICON_NAME = AppIcon;
				ASSETCATALOG_COMPILER_GLOBAL_ACCENT_COLOR_NAME = AccentColor;
				CODE_SIGN_STYLE = Automatic;
				CURRENT_PROJECT_VERSION = 1;
				DEVELOPMENT_ASSET_PATHS = "\"Kooking/Preview Content\"";
				ENABLE_PREVIEWS = YES;
				GENERATE_INFOPLIST_FILE = YES;
				INFOPLIST_FILE = Kooking/Info.plist;
				INFOPLIST_KEY_UIApplicationSceneManifest_Generation = YES;
				INFOPLIST_KEY_UIApplicationSupportsIndirectInputEvents = YES;
				INFOPLIST_KEY_UILaunchScreen_Generation = YES;
				INFOPLIST_KEY_UISupportedInterfaceOrientations_iPad = "UIInterfaceOrientationPortrait UIInterfaceOrientationPortraitUpsideDown UIInterfaceOrientationLandscapeLeft UIInterfaceOrientationLandscapeRight";
				INFOPLIST_KEY_UISupportedInterfaceOrientations_iPhone = "UIInterfaceOrientationPortrait UIInterfaceOrientationLandscapeLeft UIInterfaceOrientationLandscapeRight";
				LD_RUNPATH_SEARCH_PATHS = (
					"$(inherited)",
					"@executable_path/Frameworks",
				);
				MARKETING_VERSION = 1.0;
				PRODUCT_BUNDLE_IDENTIFIER = br.com.kroks.Kooking;
				PRODUCT_NAME = "$(TARGET_NAME)";
				SWIFT_EMIT_LOC_STRINGS = YES;
				SWIFT_VERSION = 5.0;
				TARGETED_DEVICE_FAMILY = "1,2";
			};
			name = Release;
		};
/* End XCBuildConfiguration section */

/* Begin XCConfigurationList section */
		EE9687AF2890A36D008AEC24 /* Build configuration list for PBXProject "Kooking" */ = {
			isa = XCConfigurationList;
			buildConfigurations = (
				EE9687C02890A370008AEC24 /* Debug */,
				EE9687C12890A370008AEC24 /* Release */,
			);
			defaultConfigurationIsVisible = 0;
			defaultConfigurationName = Release;
		};
		EE9687C22890A370008AEC24 /* Build configuration list for PBXNativeTarget "Kooking" */ = {
			isa = XCConfigurationList;
			buildConfigurations = (
				EE9687C32890A370008AEC24 /* Debug */,
				EE9687C42890A370008AEC24 /* Release */,
			);
			defaultConfigurationIsVisible = 0;
			defaultConfigurationName = Release;
		};
/* End XCConfigurationList section */

/* Begin XCRemoteSwiftPackageReference section */
		EE0304B32890B125009BECEE /* XCRemoteSwiftPackageReference "GoogleSignIn-iOS" */ = {
			isa = XCRemoteSwiftPackageReference;
			repositoryURL = "https://github.com/google/GoogleSignIn-iOS";
			requirement = {
				branch = main;
				kind = branch;
			};
		};
		EE9687C72890A446008AEC24 /* XCRemoteSwiftPackageReference "firebase-ios-sdk" */ = {
			isa = XCRemoteSwiftPackageReference;
			repositoryURL = "https://github.com/firebase/firebase-ios-sdk";
			requirement = {
				branch = master;
				kind = branch;
			};
		};
/* End XCRemoteSwiftPackageReference section */

/* Begin XCSwiftPackageProductDependency section */
		EE0304B42890B125009BECEE /* GoogleSignIn */ = {
			isa = XCSwiftPackageProductDependency;
			package = EE0304B32890B125009BECEE /* XCRemoteSwiftPackageReference "GoogleSignIn-iOS" */;
			productName = GoogleSignIn;
		};
		EE0304B62890B125009BECEE /* GoogleSignInSwift */ = {
			isa = XCSwiftPackageProductDependency;
			package = EE0304B32890B125009BECEE /* XCRemoteSwiftPackageReference "GoogleSignIn-iOS" */;
			productName = GoogleSignInSwift;
		};
		EE9687C82890A446008AEC24 /* FirebaseAuth */ = {
			isa = XCSwiftPackageProductDependency;
			package = EE9687C72890A446008AEC24 /* XCRemoteSwiftPackageReference "firebase-ios-sdk" */;
			productName = FirebaseAuth;
		};
		EE9687CA2890A446008AEC24 /* FirebaseFirestore */ = {
			isa = XCSwiftPackageProductDependency;
			package = EE9687C72890A446008AEC24 /* XCRemoteSwiftPackageReference "firebase-ios-sdk" */;
			productName = FirebaseFirestore;
		};
		EE9687CC2890A446008AEC24 /* FirebaseStorage */ = {
			isa = XCSwiftPackageProductDependency;
			package = EE9687C72890A446008AEC24 /* XCRemoteSwiftPackageReference "firebase-ios-sdk" */;
			productName = FirebaseStorage;
		};
/* End XCSwiftPackageProductDependency section */
	};
	rootObject = EE9687AC2890A36D008AEC24 /* Project object */;
}
